
Microsoft Visual Studio Solution File, Format Version 12.00
# Visual Studio Version 17
VisualStudioVersion = 17.0.31903.59
MinimumVisualStudioVersion = 10.0.40219.1
Project("{FAE04EC0-301F-11D3-BF4B-00C04F79EFBC}") = "SportsLeague.API", "SportsLeague.API\SportsLeague.API.csproj", "{14F98E32-17E4-4526-9CDA-49C4ADD2581A}"
EndProject
Project("{FAE04EC0-301F-11D3-BF4B-00C04F79EFBC}") = "SportsLeague.Domain", "SportsLeague.Domain\SportsLeague.Domain.csproj", "{AC04DCA3-CA53-49C9-8B1E-A06373158F51}"
EndProject
Project("{FAE04EC0-301F-11D3-BF4B-00C04F79EFBC}") = "SportsLeague.DataAccess", "SportsLeague.DataAccess\SportsLeague.DataAccess.csproj", "{9B9B31AC-4520-4971-A71E-5B04FBB54F18}"
EndProject
Global
	GlobalSection(SolutionConfigurationPlatforms) = preSolution
		Debug|Any CPU = Debug|Any CPU
		Debug|x64 = Debug|x64
		Debug|x86 = Debug|x86
		Release|Any CPU = Release|Any CPU
		Release|x64 = Release|x64
		Release|x86 = Release|x86
	EndGlobalSection
	GlobalSection(ProjectConfigurationPlatforms) = postSolution
		{14F98E32-17E4-4526-9CDA-49C4ADD2581A}.Debug|Any CPU.ActiveCfg = Debug|Any CPU
		{14F98E32-17E4-4526-9CDA-49C4ADD2581A}.Debug|Any CPU.Build.0 = Debug|Any CPU
		{14F98E32-17E4-4526-9CDA-49C4ADD2581A}.Debug|x64.ActiveCfg = Debug|Any CPU
		{14F98E32-17E4-4526-9CDA-49C4ADD2581A}.Debug|x64.Build.0 = Debug|Any CPU
		{14F98E32-17E4-4526-9CDA-49C4ADD2581A}.Debug|x86.ActiveCfg = Debug|Any CPU
		{14F98E32-17E4-4526-9CDA-49C4ADD2581A}.Debug|x86.Build.0 = Debug|Any CPU
		{14F98E32-17E4-4526-9CDA-49C4ADD2581A}.Release|Any CPU.ActiveCfg = Release|Any CPU
		{14F98E32-17E4-4526-9CDA-49C4ADD2581A}.Release|Any CPU.Build.0 = Release|Any CPU
		{14F98E32-17E4-4526-9CDA-49C4ADD2581A}.Release|x64.ActiveCfg = Release|Any CPU
		{14F98E32-17E4-4526-9CDA-49C4ADD2581A}.Release|x64.Build.0 = Release|Any CPU
		{14F98E32-17E4-4526-9CDA-49C4ADD2581A}.Release|x86.ActiveCfg = Release|Any CPU
		{14F98E32-17E4-4526-9CDA-49C4ADD2581A}.Release|x86.Build.0 = Release|Any CPU
		{AC04DCA3-CA53-49C9-8B1E-A06373158F51}.Debug|Any CPU.ActiveCfg = Debug|Any CPU
		{AC04DCA3-CA53-49C9-8B1E-A06373158F51}.Debug|Any CPU.Build.0 = Debug|Any CPU
		{AC04DCA3-CA53-49C9-8B1E-A06373158F51}.Debug|x64.ActiveCfg = Debug|Any CPU
		{AC04DCA3-CA53-49C9-8B1E-A06373158F51}.Debug|x64.Build.0 = Debug|Any CPU
		{AC04DCA3-CA53-49C9-8B1E-A06373158F51}.Debug|x86.ActiveCfg = Debug|Any CPU
		{AC04DCA3-CA53-49C9-8B1E-A06373158F51}.Debug|x86.Build.0 = Debug|Any CPU
		{AC04DCA3-CA53-49C9-8B1E-A06373158F51}.Release|Any CPU.ActiveCfg = Release|Any CPU
		{AC04DCA3-CA53-49C9-8B1E-A06373158F51}.Release|Any CPU.Build.0 = Release|Any CPU
		{AC04DCA3-CA53-49C9-8B1E-A06373158F51}.Release|x64.ActiveCfg = Release|Any CPU
		{AC04DCA3-CA53-49C9-8B1E-A06373158F51}.Release|x64.Build.0 = Release|Any CPU
		{AC04DCA3-CA53-49C9-8B1E-A06373158F51}.Release|x86.ActiveCfg = Release|Any CPU
		{AC04DCA3-CA53-49C9-8B1E-A06373158F51}.Release|x86.Build.0 = Release|Any CPU
		{9B9B31AC-4520-4971-A71E-5B04FBB54F18}.Debug|Any CPU.ActiveCfg = Debug|Any CPU
		{9B9B31AC-4520-4971-A71E-5B04FBB54F18}.Debug|Any CPU.Build.0 = Debug|Any CPU
		{9B9B31AC-4520-4971-A71E-5B04FBB54F18}.Debug|x64.ActiveCfg = Debug|Any CPU
		{9B9B31AC-4520-4971-A71E-5B04FBB54F18}.Debug|x64.Build.0 = Debug|Any CPU
		{9B9B31AC-4520-4971-A71E-5B04FBB54F18}.Debug|x86.ActiveCfg = Debug|Any CPU
		{9B9B31AC-4520-4971-A71E-5B04FBB54F18}.Debug|x86.Build.0 = Debug|Any CPU
		{9B9B31AC-4520-4971-A71E-5B04FBB54F18}.Release|Any CPU.ActiveCfg = Release|Any CPU
		{9B9B31AC-4520-4971-A71E-5B04FBB54F18}.Release|Any CPU.Build.0 = Release|Any CPU
		{9B9B31AC-4520-4971-A71E-5B04FBB54F18}.Release|x64.ActiveCfg = Release|Any CPU
		{9B9B31AC-4520-4971-A71E-5B04FBB54F18}.Release|x64.Build.0 = Release|Any CPU
		{9B9B31AC-4520-4971-A71E-5B04FBB54F18}.Release|x86.ActiveCfg = Release|Any CPU
		{9B9B31AC-4520-4971-A71E-5B04FBB54F18}.Release|x86.Build.0 = Release|Any CPU
	EndGlobalSection
	GlobalSection(SolutionProperties) = preSolution
		HideSolutionNode = FALSE
	EndGlobalSection
EndGlobal
